
Microsoft Visual Studio Solution File, Format Version 12.00
# Visual Studio Version 17
VisualStudioVersion = 17.4.33403.182
MinimumVisualStudioVersion = 10.0.40219.1
Project("{FAE04EC0-301F-11D3-BF4B-00C04F79EFBC}") = "BackEnd", "BackEnd\BackEnd.csproj", "{84B893C3-AFE9-4228-9340-9188F62A59D7}"
EndProject
Project("{FAE04EC0-301F-11D3-BF4B-00C04F79EFBC}") = "Application", "Application\Application.csproj", "{998A8E8D-977D-4F3D-94D1-E5DFC18A9381}"
EndProject
Global
	GlobalSection(SolutionConfigurationPlatforms) = preSolution
		Debug|Any CPU = Debug|Any CPU
		Release|Any CPU = Release|Any CPU
	EndGlobalSection
	GlobalSection(ProjectConfigurationPlatforms) = postSolution
		{84B893C3-AFE9-4228-9340-9188F62A59D7}.Debug|Any CPU.ActiveCfg = Debug|Any CPU
		{84B893C3-AFE9-4228-9340-9188F62A59D7}.Debug|Any CPU.Build.0 = Debug|Any CPU
		{84B893C3-AFE9-4228-9340-9188F62A59D7}.Release|Any CPU.ActiveCfg = Release|Any CPU
		{84B893C3-AFE9-4228-9340-9188F62A59D7}.Release|Any CPU.Build.0 = Release|Any CPU
		{998A8E8D-977D-4F3D-94D1-E5DFC18A9381}.Debug|Any CPU.ActiveCfg = Debug|Any CPU
		{998A8E8D-977D-4F3D-94D1-E5DFC18A9381}.Debug|Any CPU.Build.0 = Debug|Any CPU
		{998A8E8D-977D-4F3D-94D1-E5DFC18A9381}.Release|Any CPU.ActiveCfg = Release|Any CPU
		{998A8E8D-977D-4F3D-94D1-E5DFC18A9381}.Release|Any CPU.Build.0 = Release|Any CPU
	EndGlobalSection
	GlobalSection(SolutionProperties) = preSolution
		HideSolutionNode = FALSE
	EndGlobalSection
	GlobalSection(ExtensibilityGlobals) = postSolution
		SolutionGuid = {04804F5F-EEC5-4C10-9102-0739C16F93AD}
	EndGlobalSection
EndGlobal
